// !$*UTF8*$!
{
	archiveVersion = 1;
	classes = {
	};
	objectVersion = 46;
	objects = {

/* Begin PBXBuildFile section */
		1F6B8A5516DF9DCA0028AFB7 /* Cocoa.framework in Frameworks */ = {isa = PBXBuildFile; fileRef = 1F6B8A5416DF9DCA0028AFB7 /* Cocoa.framework */; };
		1F6B8A5F16DF9DCA0028AFB7 /* InfoPlist.strings in Resources */ = {isa = PBXBuildFile; fileRef = 1F6B8A5D16DF9DCA0028AFB7 /* InfoPlist.strings */; };
		1F6B8A6116DF9DCA0028AFB7 /* main.m in Sources */ = {isa = PBXBuildFile; fileRef = 1F6B8A6016DF9DCA0028AFB7 /* main.m */; };
		1F6B8A6516DF9DCA0028AFB7 /* Credits.rtf in Resources */ = {isa = PBXBuildFile; fileRef = 1F6B8A6316DF9DCA0028AFB7 /* Credits.rtf */; };
		1F6B8A6816DF9DCA0028AFB7 /* IQAppDelegate.m in Sources */ = {isa = PBXBuildFile; fileRef = 1F6B8A6716DF9DCA0028AFB7 /* IQAppDelegate.m */; };
		1F6B8A6B16DF9DCA0028AFB7 /* MainMenu.xib in Resources */ = {isa = PBXBuildFile; fileRef = 1F6B8A6916DF9DCA0028AFB7 /* MainMenu.xib */; };
		1F6B8A7316DF9F0D0028AFB7 /* IQServerInspector.m in Sources */ = {isa = PBXBuildFile; fileRef = 1F6B8A7216DF9F0D0028AFB7 /* IQServerInspector.m */; };
		1F6B8A7616DFA2A70028AFB7 /* IQRepository.m in Sources */ = {isa = PBXBuildFile; fileRef = 1F6B8A7516DFA2A70028AFB7 /* IQRepository.m */; };
		1F6B8A7916DFA53E0028AFB7 /* IQQuantum.m in Sources */ = {isa = PBXBuildFile; fileRef = 1F6B8A7816DFA53E0028AFB7 /* IQQuantum.m */; };
		1F6B8A7C16DFA5C80028AFB7 /* IQServer.m in Sources */ = {isa = PBXBuildFile; fileRef = 1F6B8A7B16DFA5C80028AFB7 /* IQServer.m */; };
		1F6B8A8016DFAE190028AFB7 /* IQStructureQuantum.m in Sources */ = {isa = PBXBuildFile; fileRef = 1F6B8A7F16DFAE190028AFB7 /* IQStructureQuantum.m */; };
/* End PBXBuildFile section */

/* Begin PBXFileReference section */
		1F6B8A5016DF9DCA0028AFB7 /* Quantum Concept.app */ = {isa = PBXFileReference; explicitFileType = wrapper.application; includeInIndex = 0; path = "Quantum Concept.app"; sourceTree = BUILT_PRODUCTS_DIR; };
		1F6B8A5416DF9DCA0028AFB7 /* Cocoa.framework */ = {isa = PBXFileReference; lastKnownFileType = wrapper.framework; name = Cocoa.framework; path = System/Library/Frameworks/Cocoa.framework; sourceTree = SDKROOT; };
		1F6B8A5716DF9DCA0028AFB7 /* AppKit.framework */ = {isa = PBXFileReference; lastKnownFileType = wrapper.framework; name = AppKit.framework; path = System/Library/Frameworks/AppKit.framework; sourceTree = SDKROOT; };
		1F6B8A5816DF9DCA0028AFB7 /* CoreData.framework */ = {isa = PBXFileReference; lastKnownFileType = wrapper.framework; name = CoreData.framework; path = System/Library/Frameworks/CoreData.framework; sourceTree = SDKROOT; };
		1F6B8A5916DF9DCA0028AFB7 /* Foundation.framework */ = {isa = PBXFileReference; lastKnownFileType = wrapper.framework; name = Foundation.framework; path = System/Library/Frameworks/Foundation.framework; sourceTree = SDKROOT; };
		1F6B8A5C16DF9DCA0028AFB7 /* Quantum Concept-Info.plist */ = {isa = PBXFileReference; lastKnownFileType = text.plist.xml; path = "Quantum Concept-Info.plist"; sourceTree = "<group>"; };
		1F6B8A5E16DF9DCA0028AFB7 /* en */ = {isa = PBXFileReference; lastKnownFileType = text.plist.strings; name = en; path = en.lproj/InfoPlist.strings; sourceTree = "<group>"; };
		1F6B8A6016DF9DCA0028AFB7 /* main.m */ = {isa = PBXFileReference; lastKnownFileType = sourcecode.c.objc; path = main.m; sourceTree = "<group>"; };
		1F6B8A6216DF9DCA0028AFB7 /* Quantum Concept-Prefix.pch */ = {isa = PBXFileReference; lastKnownFileType = sourcecode.c.h; path = "Quantum Concept-Prefix.pch"; sourceTree = "<group>"; };
		1F6B8A6416DF9DCA0028AFB7 /* en */ = {isa = PBXFileReference; lastKnownFileType = text.rtf; name = en; path = en.lproj/Credits.rtf; sourceTree = "<group>"; };
		1F6B8A6616DF9DCA0028AFB7 /* IQAppDelegate.h */ = {isa = PBXFileReference; lastKnownFileType = sourcecode.c.h; path = IQAppDelegate.h; sourceTree = "<group>"; };
		1F6B8A6716DF9DCA0028AFB7 /* IQAppDelegate.m */ = {isa = PBXFileReference; lastKnownFileType = sourcecode.c.objc; path = IQAppDelegate.m; sourceTree = "<group>"; };
		1F6B8A6A16DF9DCA0028AFB7 /* en */ = {isa = PBXFileReference; lastKnownFileType = file.xib; name = en; path = en.lproj/MainMenu.xib; sourceTree = "<group>"; };
		1F6B8A7116DF9F0D0028AFB7 /* IQServerInspector.h */ = {isa = PBXFileReference; fileEncoding = 4; lastKnownFileType = sourcecode.c.h; path = IQServerInspector.h; sourceTree = "<group>"; };
		1F6B8A7216DF9F0D0028AFB7 /* IQServerInspector.m */ = {isa = PBXFileReference; fileEncoding = 4; lastKnownFileType = sourcecode.c.objc; path = IQServerInspector.m; sourceTree = "<group>"; };
		1F6B8A7416DFA2A70028AFB7 /* IQRepository.h */ = {isa = PBXFileReference; fileEncoding = 4; lastKnownFileType = sourcecode.c.h; path = IQRepository.h; sourceTree = "<group>"; };
		1F6B8A7516DFA2A70028AFB7 /* IQRepository.m */ = {isa = PBXFileReference; fileEncoding = 4; lastKnownFileType = sourcecode.c.objc; path = IQRepository.m; sourceTree = "<group>"; };
		1F6B8A7716DFA53E0028AFB7 /* IQQuantum.h */ = {isa = PBXFileReference; fileEncoding = 4; lastKnownFileType = sourcecode.c.h; path = IQQuantum.h; sourceTree = "<group>"; };
		1F6B8A7816DFA53E0028AFB7 /* IQQuantum.m */ = {isa = PBXFileReference; fileEncoding = 4; lastKnownFileType = sourcecode.c.objc; path = IQQuantum.m; sourceTree = "<group>"; };
		1F6B8A7A16DFA5C80028AFB7 /* IQServer.h */ = {isa = PBXFileReference; fileEncoding = 4; lastKnownFileType = sourcecode.c.h; path = IQServer.h; sourceTree = "<group>"; };
		1F6B8A7B16DFA5C80028AFB7 /* IQServer.m */ = {isa = PBXFileReference; fileEncoding = 4; lastKnownFileType = sourcecode.c.objc; path = IQServer.m; sourceTree = "<group>"; };
		1F6B8A7E16DFAE190028AFB7 /* IQStructureQuantum.h */ = {isa = PBXFileReference; fileEncoding = 4; lastKnownFileType = sourcecode.c.h; path = IQStructureQuantum.h; sourceTree = "<group>"; };
		1F6B8A7F16DFAE190028AFB7 /* IQStructureQuantum.m */ = {isa = PBXFileReference; fileEncoding = 4; lastKnownFileType = sourcecode.c.objc; path = IQStructureQuantum.m; sourceTree = "<group>"; };
/* End PBXFileReference section */

/* Begin PBXFrameworksBuildPhase section */
		1F6B8A4D16DF9DCA0028AFB7 /* Frameworks */ = {
			isa = PBXFrameworksBuildPhase;
			buildActionMask = 2147483647;
			files = (
				1F6B8A5516DF9DCA0028AFB7 /* Cocoa.framework in Frameworks */,
			);
			runOnlyForDeploymentPostprocessing = 0;
		};
/* End PBXFrameworksBuildPhase section */

/* Begin PBXGroup section */
		1F6B8A4516DF9DC90028AFB7 = {
			isa = PBXGroup;
			children = (
				1F6B8A5A16DF9DCA0028AFB7 /* Quantum Concept */,
				1F6B8A5316DF9DCA0028AFB7 /* Frameworks */,
				1F6B8A5116DF9DCA0028AFB7 /* Products */,
			);
			sourceTree = "<group>";
		};
		1F6B8A5116DF9DCA0028AFB7 /* Products */ = {
			isa = PBXGroup;
			children = (
				1F6B8A5016DF9DCA0028AFB7 /* Quantum Concept.app */,
			);
			name = Products;
			sourceTree = "<group>";
		};
		1F6B8A5316DF9DCA0028AFB7 /* Frameworks */ = {
			isa = PBXGroup;
			children = (
				1F6B8A5416DF9DCA0028AFB7 /* Cocoa.framework */,
				1F6B8A5616DF9DCA0028AFB7 /* Other Frameworks */,
			);
			name = Frameworks;
			sourceTree = "<group>";
		};
		1F6B8A5616DF9DCA0028AFB7 /* Other Frameworks */ = {
			isa = PBXGroup;
			children = (
				1F6B8A5716DF9DCA0028AFB7 /* AppKit.framework */,
				1F6B8A5816DF9DCA0028AFB7 /* CoreData.framework */,
				1F6B8A5916DF9DCA0028AFB7 /* Foundation.framework */,
			);
			name = "Other Frameworks";
			sourceTree = "<group>";
		};
		1F6B8A5A16DF9DCA0028AFB7 /* Quantum Concept */ = {
			isa = PBXGroup;
			children = (
				1F6B8A6616DF9DCA0028AFB7 /* IQAppDelegate.h */,
				1F6B8A6716DF9DCA0028AFB7 /* IQAppDelegate.m */,
				1F6B8A6916DF9DCA0028AFB7 /* MainMenu.xib */,
				1F6B8A5B16DF9DCA0028AFB7 /* Supporting Files */,
				1F6B8A7116DF9F0D0028AFB7 /* IQServerInspector.h */,
				1F6B8A7216DF9F0D0028AFB7 /* IQServerInspector.m */,
				1F6B8A7416DFA2A70028AFB7 /* IQRepository.h */,
				1F6B8A7516DFA2A70028AFB7 /* IQRepository.m */,
				1F6B8A7A16DFA5C80028AFB7 /* IQServer.h */,
				1F6B8A7B16DFA5C80028AFB7 /* IQServer.m */,
				1F6B8A7716DFA53E0028AFB7 /* IQQuantum.h */,
				1F6B8A7816DFA53E0028AFB7 /* IQQuantum.m */,
				1F6B8A7D16DFAE060028AFB7 /* Quanta */,
			);
			path = "Quantum Concept";
			sourceTree = "<group>";
		};
		1F6B8A5B16DF9DCA0028AFB7 /* Supporting Files */ = {
			isa = PBXGroup;
			children = (
				1F6B8A5C16DF9DCA0028AFB7 /* Quantum Concept-Info.plist */,
				1F6B8A5D16DF9DCA0028AFB7 /* InfoPlist.strings */,
				1F6B8A6016DF9DCA0028AFB7 /* main.m */,
				1F6B8A6216DF9DCA0028AFB7 /* Quantum Concept-Prefix.pch */,
				1F6B8A6316DF9DCA0028AFB7 /* Credits.rtf */,
			);
			name = "Supporting Files";
			sourceTree = "<group>";
		};
		1F6B8A7D16DFAE060028AFB7 /* Quanta */ = {
			isa = PBXGroup;
			children = (
				1F6B8A7E16DFAE190028AFB7 /* IQStructureQuantum.h */,
				1F6B8A7F16DFAE190028AFB7 /* IQStructureQuantum.m */,
			);
			name = Quanta;
			sourceTree = "<group>";
		};
/* End PBXGroup section */

/* Begin PBXNativeTarget section */
		1F6B8A4F16DF9DCA0028AFB7 /* Quantum Concept */ = {
			isa = PBXNativeTarget;
			buildConfigurationList = 1F6B8A6E16DF9DCA0028AFB7 /* Build configuration list for PBXNativeTarget "Quantum Concept" */;
			buildPhases = (
				1F6B8A4C16DF9DCA0028AFB7 /* Sources */,
				1F6B8A4D16DF9DCA0028AFB7 /* Frameworks */,
				1F6B8A4E16DF9DCA0028AFB7 /* Resources */,
			);
			buildRules = (
			);
			dependencies = (
			);
			name = "Quantum Concept";
			productName = "Quantum Concept";
			productReference = 1F6B8A5016DF9DCA0028AFB7 /* Quantum Concept.app */;
			productType = "com.apple.product-type.application";
		};
/* End PBXNativeTarget section */

/* Begin PBXProject section */
		1F6B8A4716DF9DCA0028AFB7 /* Project object */ = {
			isa = PBXProject;
			attributes = {
				CLASSPREFIX = IQ;
				LastUpgradeCheck = 0450;
				ORGANIZATIONNAME = "Fabian Schuiki";
			};
			buildConfigurationList = 1F6B8A4A16DF9DCA0028AFB7 /* Build configuration list for PBXProject "Quantum Concept" */;
			compatibilityVersion = "Xcode 3.2";
			developmentRegion = English;
			hasScannedForEncodings = 0;
			knownRegions = (
				en,
			);
			mainGroup = 1F6B8A4516DF9DC90028AFB7;
			productRefGroup = 1F6B8A5116DF9DCA0028AFB7 /* Products */;
			projectDirPath = "";
			projectRoot = "";
			targets = (
				1F6B8A4F16DF9DCA0028AFB7 /* Quantum Concept */,
			);
		};
/* End PBXProject section */

/* Begin PBXResourcesBuildPhase section */
		1F6B8A4E16DF9DCA0028AFB7 /* Resources */ = {
			isa = PBXResourcesBuildPhase;
			buildActionMask = 2147483647;
			files = (
				1F6B8A5F16DF9DCA0028AFB7 /* InfoPlist.strings in Resources */,
				1F6B8A6516DF9DCA0028AFB7 /* Credits.rtf in Resources */,
				1F6B8A6B16DF9DCA0028AFB7 /* MainMenu.xib in Resources */,
			);
			runOnlyForDeploymentPostprocessing = 0;
		};
/* End PBXResourcesBuildPhase section */

/* Begin PBXSourcesBuildPhase section */
		1F6B8A4C16DF9DCA0028AFB7 /* Sources */ = {
			isa = PBXSourcesBuildPhase;
			buildActionMask = 2147483647;
			files = (
				1F6B8A6116DF9DCA0028AFB7 /* main.m in Sources */,
				1F6B8A6816DF9DCA0028AFB7 /* IQAppDelegate.m in Sources */,
				1F6B8A7316DF9F0D0028AFB7 /* IQServerInspector.m in Sources */,
				1F6B8A7616DFA2A70028AFB7 /* IQRepository.m in Sources */,
				1F6B8A7916DFA53E0028AFB7 /* IQQuantum.m in Sources */,
				1F6B8A7C16DFA5C80028AFB7 /* IQServer.m in Sources */,
				1F6B8A8016DFAE190028AFB7 /* IQStructureQuantum.m in Sources */,
			);
			runOnlyForDeploymentPostprocessing = 0;
		};
/* End PBXSourcesBuildPhase section */

/* Begin PBXVariantGroup section */
		1F6B8A5D16DF9DCA0028AFB7 /* InfoPlist.strings */ = {
			isa = PBXVariantGroup;
			children = (
				1F6B8A5E16DF9DCA0028AFB7 /* en */,
			);
			name = InfoPlist.strings;
			sourceTree = "<group>";
		};
		1F6B8A6316DF9DCA0028AFB7 /* Credits.rtf */ = {
			isa = PBXVariantGroup;
			children = (
				1F6B8A6416DF9DCA0028AFB7 /* en */,
			);
			name = Credits.rtf;
			sourceTree = "<group>";
		};
		1F6B8A6916DF9DCA0028AFB7 /* MainMenu.xib */ = {
			isa = PBXVariantGroup;
			children = (
				1F6B8A6A16DF9DCA0028AFB7 /* en */,
			);
			name = MainMenu.xib;
			sourceTree = "<group>";
		};
/* End PBXVariantGroup section */

/* Begin XCBuildConfiguration section */
		1F6B8A6C16DF9DCA0028AFB7 /* Debug */ = {
			isa = XCBuildConfiguration;
			buildSettings = {
				ALWAYS_SEARCH_USER_PATHS = NO;
				ARCHS = "$(ARCHS_STANDARD_64_BIT)";
				CLANG_CXX_LANGUAGE_STANDARD = "gnu++0x";
				CLANG_CXX_LIBRARY = "libc++";
				CLANG_WARN_EMPTY_BODY = YES;
				CLANG_WARN__DUPLICATE_METHOD_MATCH = YES;
				COPY_PHASE_STRIP = NO;
				GCC_C_LANGUAGE_STANDARD = gnu99;
				GCC_DYNAMIC_NO_PIC = NO;
				GCC_ENABLE_OBJC_EXCEPTIONS = YES;
				GCC_OPTIMIZATION_LEVEL = 0;
				GCC_PREPROCESSOR_DEFINITIONS = (
					"DEBUG=1",
					"$(inherited)",
				);
				GCC_SYMBOLS_PRIVATE_EXTERN = NO;
				GCC_WARN_64_TO_32_BIT_CONVERSION = YES;
				GCC_WARN_ABOUT_RETURN_TYPE = YES;
				GCC_WARN_UNINITIALIZED_AUTOS = YES;
				GCC_WARN_UNUSED_VARIABLE = YES;
				MACOSX_DEPLOYMENT_TARGET = 10.8;
				ONLY_ACTIVE_ARCH = YES;
				SDKROOT = macosx;
			};
			name = Debug;
		};
		1F6B8A6D16DF9DCA0028AFB7 /* Release */ = {
			isa = XCBuildConfiguration;
			buildSettings = {
				ALWAYS_SEARCH_USER_PATHS = NO;
				ARCHS = "$(ARCHS_STANDARD_64_BIT)";
				CLANG_CXX_LANGUAGE_STANDARD = "gnu++0x";
				CLANG_CXX_LIBRARY = "libc++";
				CLANG_WARN_EMPTY_BODY = YES;
				CLANG_WARN__DUPLICATE_METHOD_MATCH = YES;
				COPY_PHASE_STRIP = YES;
				DEBUG_INFORMATION_FORMAT = "dwarf-with-dsym";
				GCC_C_LANGUAGE_STANDARD = gnu99;
				GCC_ENABLE_OBJC_EXCEPTIONS = YES;
				GCC_WARN_64_TO_32_BIT_CONVERSION = YES;
				GCC_WARN_ABOUT_RETURN_TYPE = YES;
				GCC_WARN_UNINITIALIZED_AUTOS = YES;
				GCC_WARN_UNUSED_VARIABLE = YES;
				MACOSX_DEPLOYMENT_TARGET = 10.8;
				SDKROOT = macosx;
			};
			name = Release;
		};
		1F6B8A6F16DF9DCA0028AFB7 /* Debug */ = {
			isa = XCBuildConfiguration;
			buildSettings = {
				COMBINE_HIDPI_IMAGES = YES;
				GCC_PRECOMPILE_PREFIX_HEADER = YES;
				GCC_PREFIX_HEADER = "Quantum Concept/Quantum Concept-Prefix.pch";
				INFOPLIST_FILE = "Quantum Concept/Quantum Concept-Info.plist";
				PRODUCT_NAME = "$(TARGET_NAME)";
				WRAPPER_EXTENSION = app;
			};
			name = Debug;
		};
		1F6B8A7016DF9DCA0028AFB7 /* Release */ = {
			isa = XCBuildConfiguration;
			buildSettings = {
				COMBINE_HIDPI_IMAGES = YES;
				GCC_PRECOMPILE_PREFIX_HEADER = YES;
				GCC_PREFIX_HEADER = "Quantum Concept/Quantum Concept-Prefix.pch";
				INFOPLIST_FILE = "Quantum Concept/Quantum Concept-Info.plist";
				PRODUCT_NAME = "$(TARGET_NAME)";
				WRAPPER_EXTENSION = app;
			};
			name = Release;
		};
/* End XCBuildConfiguration section */

/* Begin XCConfigurationList section */
		1F6B8A4A16DF9DCA0028AFB7 /* Build configuration list for PBXProject "Quantum Concept" */ = {
			isa = XCConfigurationList;
			buildConfigurations = (
				1F6B8A6C16DF9DCA0028AFB7 /* Debug */,
				1F6B8A6D16DF9DCA0028AFB7 /* Release */,
			);
			defaultConfigurationIsVisible = 0;
			defaultConfigurationName = Release;
		};
		1F6B8A6E16DF9DCA0028AFB7 /* Build configuration list for PBXNativeTarget "Quantum Concept" */ = {
			isa = XCConfigurationList;
			buildConfigurations = (
				1F6B8A6F16DF9DCA0028AFB7 /* Debug */,
				1F6B8A7016DF9DCA0028AFB7 /* Release */,
			);
			defaultConfigurationIsVisible = 0;
		};
/* End XCConfigurationList section */
	};
	rootObject = 1F6B8A4716DF9DCA0028AFB7 /* Project object */;
}
